# This file is generated by running "yarn install" inside your project.
# Manual changes might be lost - proceed with caution!

__metadata:
  version: 4

"@types/node@npm:^13.7.4":
  version: 13.7.4
  resolution: "@types/node@npm:13.7.4"
  checksum: 6ebab7d5907a9da1f67aebaa8d616390211f8849a2b6fd4eeba75c47b88701bc5a24b6703c03c547e38f584af62bb33bc22414552fb26f405b3dcc81d35ef65c
  languageName: node
  linkType: hard

"declare-ts@workspace:.":
  version: 0.0.0-use.local
  resolution: "declare-ts@workspace:."
  dependencies:
    "@types/node": ^13.7.4
    typescript: ^3.8.2
  languageName: unknown
  linkType: soft

typescript@^3.8.2:
  version: 3.8.2
  resolution: "typescript@npm:3.8.2"
  bin:
    tsc: bin/tsc
    tsserver: bin/tsserver
  checksum: f55bd7176a71b4f8715dfaccd1a589baa10261d8a7a4d024a4646e6042192577834d3cf688f621036f07303307b39e652477ac4c7a49eebe948acd45704204cb
  languageName: node
  linkType: hard

"typescript@patch:typescript@^3.8.2#builtin<compat/typescript>":
  version: 3.8.2
  resolution: "typescript@patch:typescript@npm%3A3.8.2#builtin<compat/typescript>::version=3.8.2&hash=226bd1"
  bin:
    tsc: bin/tsc
    tsserver: bin/tsserver
  checksum: 9bc0350ddbc467ad8d02eb2dc505d1b6c94fa8e0f966658a1273bb6d53500d231e6a6a12167c2a543427b79e75b12c326503a06599d32274ac234f865566b559
  languageName: node
  linkType: hard
